
Microsoft Visual Studio Solution File, Format Version 12.00
# Visual Studio Version 17
VisualStudioVersion = 17.7.34031.279
MinimumVisualStudioVersion = 10.0.40219.1
Project("{FAE04EC0-301F-11D3-BF4B-00C04F79EFBC}") = "Topic12Db2(1)", "Topic12Db2(1)\Topic12Db2(1).csproj", "{BD8AA5BD-2F7C-4EC6-925E-A0F0A87551B1}"
EndProject
Global
	GlobalSection(SolutionConfigurationPlatforms) = preSolution
		Debug|Any CPU = Debug|Any CPU
		Release|Any CPU = Release|Any CPU
	EndGlobalSection
	GlobalSection(ProjectConfigurationPlatforms) = postSolution
		{BD8AA5BD-2F7C-4EC6-925E-A0F0A87551B1}.Debug|Any CPU.ActiveCfg = Debug|Any CPU
		{BD8AA5BD-2F7C-4EC6-925E-A0F0A87551B1}.Debug|Any CPU.Build.0 = Debug|Any CPU
		{BD8AA5BD-2F7C-4EC6-925E-A0F0A87551B1}.Release|Any CPU.ActiveCfg = Release|Any CPU
		{BD8AA5BD-2F7C-4EC6-925E-A0F0A87551B1}.Release|Any CPU.Build.0 = Release|Any CPU
	EndGlobalSection
	GlobalSection(SolutionProperties) = preSolution
		HideSolutionNode = FALSE
	EndGlobalSection
	GlobalSection(ExtensibilityGlobals) = postSolution
		SolutionGuid = {54494EE3-F1DA-4A99-A797-EC86DA18BA6D}
	EndGlobalSection
EndGlobal
