
Microsoft Visual Studio Solution File, Format Version 12.00
# Visual Studio Version 17
VisualStudioVersion = 17.7.34031.279
MinimumVisualStudioVersion = 10.0.40219.1
Project("{FAE04EC0-301F-11D3-BF4B-00C04F79EFBC}") = "Topic6Task", "Topic6Task\Topic6Task.csproj", "{629EE6E2-7FE4-495F-BE0F-1A3D145824A2}"
EndProject
Global
	GlobalSection(SolutionConfigurationPlatforms) = preSolution
		Debug|Any CPU = Debug|Any CPU
		Release|Any CPU = Release|Any CPU
	EndGlobalSection
	GlobalSection(ProjectConfigurationPlatforms) = postSolution
		{629EE6E2-7FE4-495F-BE0F-1A3D145824A2}.Debug|Any CPU.ActiveCfg = Debug|Any CPU
		{629EE6E2-7FE4-495F-BE0F-1A3D145824A2}.Debug|Any CPU.Build.0 = Debug|Any CPU
		{629EE6E2-7FE4-495F-BE0F-1A3D145824A2}.Release|Any CPU.ActiveCfg = Release|Any CPU
		{629EE6E2-7FE4-495F-BE0F-1A3D145824A2}.Release|Any CPU.Build.0 = Release|Any CPU
	EndGlobalSection
	GlobalSection(SolutionProperties) = preSolution
		HideSolutionNode = FALSE
	EndGlobalSection
	GlobalSection(ExtensibilityGlobals) = postSolution
		SolutionGuid = {CDC7D01B-75E4-45E0-9528-1509B9D76E03}
	EndGlobalSection
EndGlobal
