
Microsoft Visual Studio Solution File, Format Version 12.00
# Visual Studio Version 17
VisualStudioVersion = 17.7.34031.279
MinimumVisualStudioVersion = 10.0.40219.1
Project("{FAE04EC0-301F-11D3-BF4B-00C04F79EFBC}") = "Topic3.4Task5", "Topic3.4Task5\Topic3.4Task5.csproj", "{FC06D0CF-F093-4829-A02E-F3078D15B865}"
EndProject
Global
	GlobalSection(SolutionConfigurationPlatforms) = preSolution
		Debug|Any CPU = Debug|Any CPU
		Release|Any CPU = Release|Any CPU
	EndGlobalSection
	GlobalSection(ProjectConfigurationPlatforms) = postSolution
		{FC06D0CF-F093-4829-A02E-F3078D15B865}.Debug|Any CPU.ActiveCfg = Debug|Any CPU
		{FC06D0CF-F093-4829-A02E-F3078D15B865}.Debug|Any CPU.Build.0 = Debug|Any CPU
		{FC06D0CF-F093-4829-A02E-F3078D15B865}.Release|Any CPU.ActiveCfg = Release|Any CPU
		{FC06D0CF-F093-4829-A02E-F3078D15B865}.Release|Any CPU.Build.0 = Release|Any CPU
	EndGlobalSection
	GlobalSection(SolutionProperties) = preSolution
		HideSolutionNode = FALSE
	EndGlobalSection
	GlobalSection(ExtensibilityGlobals) = postSolution
		SolutionGuid = {0E925C01-C194-468E-8730-CDA3A6928A3B}
	EndGlobalSection
EndGlobal
