
Microsoft Visual Studio Solution File, Format Version 12.00
# Visual Studio Version 17
VisualStudioVersion = 17.7.34031.279
MinimumVisualStudioVersion = 10.0.40219.1
Project("{FAE04EC0-301F-11D3-BF4B-00C04F79EFBC}") = "Topic10Program", "Topic10Program\Topic10Program.csproj", "{6C38FC71-2620-4BEF-8B92-1D0970C73E57}"
EndProject
Global
	GlobalSection(SolutionConfigurationPlatforms) = preSolution
		Debug|Any CPU = Debug|Any CPU
		Release|Any CPU = Release|Any CPU
	EndGlobalSection
	GlobalSection(ProjectConfigurationPlatforms) = postSolution
		{6C38FC71-2620-4BEF-8B92-1D0970C73E57}.Debug|Any CPU.ActiveCfg = Debug|Any CPU
		{6C38FC71-2620-4BEF-8B92-1D0970C73E57}.Debug|Any CPU.Build.0 = Debug|Any CPU
		{6C38FC71-2620-4BEF-8B92-1D0970C73E57}.Release|Any CPU.ActiveCfg = Release|Any CPU
		{6C38FC71-2620-4BEF-8B92-1D0970C73E57}.Release|Any CPU.Build.0 = Release|Any CPU
	EndGlobalSection
	GlobalSection(SolutionProperties) = preSolution
		HideSolutionNode = FALSE
	EndGlobalSection
	GlobalSection(ExtensibilityGlobals) = postSolution
		SolutionGuid = {DE8A2F4D-9FC6-4CDC-B1F8-6495FE0DAF54}
	EndGlobalSection
EndGlobal
