
Microsoft Visual Studio Solution File, Format Version 12.00
# Visual Studio Version 17
VisualStudioVersion = 17.7.34031.279
MinimumVisualStudioVersion = 10.0.40219.1
Project("{FAE04EC0-301F-11D3-BF4B-00C04F79EFBC}") = "Topic3Test1", "Topic3Test1\Topic3Test1.csproj", "{A759E070-934B-4446-8AEF-E6AB9E14787F}"
EndProject
Global
	GlobalSection(SolutionConfigurationPlatforms) = preSolution
		Debug|Any CPU = Debug|Any CPU
		Release|Any CPU = Release|Any CPU
	EndGlobalSection
	GlobalSection(ProjectConfigurationPlatforms) = postSolution
		{A759E070-934B-4446-8AEF-E6AB9E14787F}.Debug|Any CPU.ActiveCfg = Debug|Any CPU
		{A759E070-934B-4446-8AEF-E6AB9E14787F}.Debug|Any CPU.Build.0 = Debug|Any CPU
		{A759E070-934B-4446-8AEF-E6AB9E14787F}.Release|Any CPU.ActiveCfg = Release|Any CPU
		{A759E070-934B-4446-8AEF-E6AB9E14787F}.Release|Any CPU.Build.0 = Release|Any CPU
	EndGlobalSection
	GlobalSection(SolutionProperties) = preSolution
		HideSolutionNode = FALSE
	EndGlobalSection
	GlobalSection(ExtensibilityGlobals) = postSolution
		SolutionGuid = {E61E47AA-7604-49AF-A63C-4F1B8AFCF06D}
	EndGlobalSection
EndGlobal
