
Microsoft Visual Studio Solution File, Format Version 12.00
# Visual Studio Version 17
VisualStudioVersion = 17.7.34031.279
MinimumVisualStudioVersion = 10.0.40219.1
Project("{FAE04EC0-301F-11D3-BF4B-00C04F79EFBC}") = "Topic7Task5", "Topic7Task5\Topic7Task5.csproj", "{7A3772CD-70A5-4B2D-AA76-2A31B41126D2}"
EndProject
Global
	GlobalSection(SolutionConfigurationPlatforms) = preSolution
		Debug|Any CPU = Debug|Any CPU
		Release|Any CPU = Release|Any CPU
	EndGlobalSection
	GlobalSection(ProjectConfigurationPlatforms) = postSolution
		{7A3772CD-70A5-4B2D-AA76-2A31B41126D2}.Debug|Any CPU.ActiveCfg = Debug|Any CPU
		{7A3772CD-70A5-4B2D-AA76-2A31B41126D2}.Debug|Any CPU.Build.0 = Debug|Any CPU
		{7A3772CD-70A5-4B2D-AA76-2A31B41126D2}.Release|Any CPU.ActiveCfg = Release|Any CPU
		{7A3772CD-70A5-4B2D-AA76-2A31B41126D2}.Release|Any CPU.Build.0 = Release|Any CPU
	EndGlobalSection
	GlobalSection(SolutionProperties) = preSolution
		HideSolutionNode = FALSE
	EndGlobalSection
	GlobalSection(ExtensibilityGlobals) = postSolution
		SolutionGuid = {BED7AD70-7803-4E8F-BD4B-E2AA53AAAB01}
	EndGlobalSection
EndGlobal
