
Microsoft Visual Studio Solution File, Format Version 12.00
# Visual Studio Version 17
VisualStudioVersion = 17.7.34031.279
MinimumVisualStudioVersion = 10.0.40219.1
Project("{FAE04EC0-301F-11D3-BF4B-00C04F79EFBC}") = "Topic3.4Task1", "Topic3.4Task1\Topic3.4Task1.csproj", "{3002F569-9333-4932-BE13-981B2634E5B8}"
EndProject
Global
	GlobalSection(SolutionConfigurationPlatforms) = preSolution
		Debug|Any CPU = Debug|Any CPU
		Release|Any CPU = Release|Any CPU
	EndGlobalSection
	GlobalSection(ProjectConfigurationPlatforms) = postSolution
		{3002F569-9333-4932-BE13-981B2634E5B8}.Debug|Any CPU.ActiveCfg = Debug|Any CPU
		{3002F569-9333-4932-BE13-981B2634E5B8}.Debug|Any CPU.Build.0 = Debug|Any CPU
		{3002F569-9333-4932-BE13-981B2634E5B8}.Release|Any CPU.ActiveCfg = Release|Any CPU
		{3002F569-9333-4932-BE13-981B2634E5B8}.Release|Any CPU.Build.0 = Release|Any CPU
	EndGlobalSection
	GlobalSection(SolutionProperties) = preSolution
		HideSolutionNode = FALSE
	EndGlobalSection
	GlobalSection(ExtensibilityGlobals) = postSolution
		SolutionGuid = {DFC6734F-1354-4F44-A5DA-C578F07483A2}
	EndGlobalSection
EndGlobal
